
Microsoft Visual Studio Solution File, Format Version 12.00
# Visual Studio 14
VisualStudioVersion = 14.0.25420.1
MinimumVisualStudioVersion = 10.0.40219.1
Project("{FAE04EC0-301F-11D3-BF4B-00C04F79EFBC}") = "Jandan.UWP.UI", "Jandan\Jandan.UWP.UI.csproj", "{A1655E28-8E81-4E53-8757-4FB64466218B}"
EndProject
Project("{FAE04EC0-301F-11D3-BF4B-00C04F79EFBC}") = "Jandan.UWP.Core", "Jandan.UWP.Core\Jandan.UWP.Core.csproj", "{292223C4-E168-4A9B-AC22-FBBC07B8804B}"
EndProject
Project("{FAE04EC0-301F-11D3-BF4B-00C04F79EFBC}") = "Jandan.UWP.LiveTileTask", "Jandan.UWP.LiveTileTask\Jandan.UWP.LiveTileTask.csproj", "{77B94ADA-3C66-4AF1-ABEE-B81A2002B26E}"
EndProject
Project("{FAE04EC0-301F-11D3-BF4B-00C04F79EFBC}") = "Jandan.UWP.CortanaTask", "Jandan.UWP.CortanaTask\Jandan.UWP.CortanaTask.csproj", "{F6439FC6-E609-4D1A-B2FE-EF2015BFBFE7}"
EndProject
Global
	GlobalSection(SolutionConfigurationPlatforms) = preSolution
		Debug|Any CPU = Debug|Any CPU
		Debug|ARM = Debug|ARM
		Debug|x64 = Debug|x64
		Debug|x86 = Debug|x86
		Release|Any CPU = Release|Any CPU
		Release|ARM = Release|ARM
		Release|x64 = Release|x64
		Release|x86 = Release|x86
	EndGlobalSection
	GlobalSection(ProjectConfigurationPlatforms) = postSolution
		{A1655E28-8E81-4E53-8757-4FB64466218B}.Debug|Any CPU.ActiveCfg = Debug|x86
		{A1655E28-8E81-4E53-8757-4FB64466218B}.Debug|Any CPU.Build.0 = Debug|x86
		{A1655E28-8E81-4E53-8757-4FB64466218B}.Debug|Any CPU.Deploy.0 = Debug|x86
		{A1655E28-8E81-4E53-8757-4FB64466218B}.Debug|ARM.ActiveCfg = Debug|ARM
		{A1655E28-8E81-4E53-8757-4FB64466218B}.Debug|ARM.Build.0 = Debug|ARM
		{A1655E28-8E81-4E53-8757-4FB64466218B}.Debug|ARM.Deploy.0 = Debug|ARM
		{A1655E28-8E81-4E53-8757-4FB64466218B}.Debug|x64.ActiveCfg = Debug|x64
		{A1655E28-8E81-4E53-8757-4FB64466218B}.Debug|x64.Build.0 = Debug|x64
		{A1655E28-8E81-4E53-8757-4FB64466218B}.Debug|x64.Deploy.0 = Debug|x64
		{A1655E28-8E81-4E53-8757-4FB64466218B}.Debug|x86.ActiveCfg = Debug|x86
		{A1655E28-8E81-4E53-8757-4FB64466218B}.Debug|x86.Build.0 = Debug|x86
		{A1655E28-8E81-4E53-8757-4FB64466218B}.Debug|x86.Deploy.0 = Debug|x86
		{A1655E28-8E81-4E53-8757-4FB64466218B}.Release|Any CPU.ActiveCfg = Release|x86
		{A1655E28-8E81-4E53-8757-4FB64466218B}.Release|Any CPU.Build.0 = Release|x86
		{A1655E28-8E81-4E53-8757-4FB64466218B}.Release|Any CPU.Deploy.0 = Release|x86
		{A1655E28-8E81-4E53-8757-4FB64466218B}.Release|ARM.ActiveCfg = Release|ARM
		{A1655E28-8E81-4E53-8757-4FB64466218B}.Release|ARM.Build.0 = Release|ARM
		{A1655E28-8E81-4E53-8757-4FB64466218B}.Release|ARM.Deploy.0 = Release|ARM
		{A1655E28-8E81-4E53-8757-4FB64466218B}.Release|x64.ActiveCfg = Release|x64
		{A1655E28-8E81-4E53-8757-4FB64466218B}.Release|x64.Build.0 = Release|x64
		{A1655E28-8E81-4E53-8757-4FB64466218B}.Release|x64.Deploy.0 = Release|x64
		{A1655E28-8E81-4E53-8757-4FB64466218B}.Release|x86.ActiveCfg = Release|x86
		{A1655E28-8E81-4E53-8757-4FB64466218B}.Release|x86.Build.0 = Release|x86
		{A1655E28-8E81-4E53-8757-4FB64466218B}.Release|x86.Deploy.0 = Release|x86
		{292223C4-E168-4A9B-AC22-FBBC07B8804B}.Debug|Any CPU.ActiveCfg = Debug|Any CPU
		{292223C4-E168-4A9B-AC22-FBBC07B8804B}.Debug|Any CPU.Build.0 = Debug|Any CPU
		{292223C4-E168-4A9B-AC22-FBBC07B8804B}.Debug|ARM.ActiveCfg = Debug|ARM
		{292223C4-E168-4A9B-AC22-FBBC07B8804B}.Debug|ARM.Build.0 = Debug|ARM
		{292223C4-E168-4A9B-AC22-FBBC07B8804B}.Debug|x64.ActiveCfg = Debug|x64
		{292223C4-E168-4A9B-AC22-FBBC07B8804B}.Debug|x64.Build.0 = Debug|x64
		{292223C4-E168-4A9B-AC22-FBBC07B8804B}.Debug|x86.ActiveCfg = Debug|x86
		{292223C4-E168-4A9B-AC22-FBBC07B8804B}.Debug|x86.Build.0 = Debug|x86
		{292223C4-E168-4A9B-AC22-FBBC07B8804B}.Release|Any CPU.ActiveCfg = Release|Any CPU
		{292223C4-E168-4A9B-AC22-FBBC07B8804B}.Release|Any CPU.Build.0 = Release|Any CPU
		{292223C4-E168-4A9B-AC22-FBBC07B8804B}.Release|ARM.ActiveCfg = Release|ARM
		{292223C4-E168-4A9B-AC22-FBBC07B8804B}.Release|ARM.Build.0 = Release|ARM
		{292223C4-E168-4A9B-AC22-FBBC07B8804B}.Release|x64.ActiveCfg = Release|x64
		{292223C4-E168-4A9B-AC22-FBBC07B8804B}.Release|x64.Build.0 = Release|x64
		{292223C4-E168-4A9B-AC22-FBBC07B8804B}.Release|x86.ActiveCfg = Release|x86
		{292223C4-E168-4A9B-AC22-FBBC07B8804B}.Release|x86.Build.0 = Release|x86
		{77B94ADA-3C66-4AF1-ABEE-B81A2002B26E}.Debug|Any CPU.ActiveCfg = Debug|Any CPU
		{77B94ADA-3C66-4AF1-ABEE-B81A2002B26E}.Debug|Any CPU.Build.0 = Debug|Any CPU
		{77B94ADA-3C66-4AF1-ABEE-B81A2002B26E}.Debug|ARM.ActiveCfg = Debug|ARM
		{77B94ADA-3C66-4AF1-ABEE-B81A2002B26E}.Debug|ARM.Build.0 = Debug|ARM
		{77B94ADA-3C66-4AF1-ABEE-B81A2002B26E}.Debug|x64.ActiveCfg = Debug|x64
		{77B94ADA-3C66-4AF1-ABEE-B81A2002B26E}.Debug|x64.Build.0 = Debug|x64
		{77B94ADA-3C66-4AF1-ABEE-B81A2002B26E}.Debug|x86.ActiveCfg = Debug|x86
		{77B94ADA-3C66-4AF1-ABEE-B81A2002B26E}.Debug|x86.Build.0 = Debug|x86
		{77B94ADA-3C66-4AF1-ABEE-B81A2002B26E}.Release|Any CPU.ActiveCfg = Release|Any CPU
		{77B94ADA-3C66-4AF1-ABEE-B81A2002B26E}.Release|Any CPU.Build.0 = Release|Any CPU
		{77B94ADA-3C66-4AF1-ABEE-B81A2002B26E}.Release|ARM.ActiveCfg = Release|ARM
		{77B94ADA-3C66-4AF1-ABEE-B81A2002B26E}.Release|ARM.Build.0 = Release|ARM
		{77B94ADA-3C66-4AF1-ABEE-B81A2002B26E}.Release|x64.ActiveCfg = Release|x64
		{77B94ADA-3C66-4AF1-ABEE-B81A2002B26E}.Release|x64.Build.0 = Release|x64
		{77B94ADA-3C66-4AF1-ABEE-B81A2002B26E}.Release|x86.ActiveCfg = Release|x86
		{77B94ADA-3C66-4AF1-ABEE-B81A2002B26E}.Release|x86.Build.0 = Release|x86
		{F6439FC6-E609-4D1A-B2FE-EF2015BFBFE7}.Debug|Any CPU.ActiveCfg = Debug|Any CPU
		{F6439FC6-E609-4D1A-B2FE-EF2015BFBFE7}.Debug|Any CPU.Build.0 = Debug|Any CPU
		{F6439FC6-E609-4D1A-B2FE-EF2015BFBFE7}.Debug|ARM.ActiveCfg = Debug|ARM
		{F6439FC6-E609-4D1A-B2FE-EF2015BFBFE7}.Debug|ARM.Build.0 = Debug|ARM
		{F6439FC6-E609-4D1A-B2FE-EF2015BFBFE7}.Debug|x64.ActiveCfg = Debug|x64
		{F6439FC6-E609-4D1A-B2FE-EF2015BFBFE7}.Debug|x64.Build.0 = Debug|x64
		{F6439FC6-E609-4D1A-B2FE-EF2015BFBFE7}.Debug|x86.ActiveCfg = Debug|x86
		{F6439FC6-E609-4D1A-B2FE-EF2015BFBFE7}.Debug|x86.Build.0 = Debug|x86
		{F6439FC6-E609-4D1A-B2FE-EF2015BFBFE7}.Release|Any CPU.ActiveCfg = Release|Any CPU
		{F6439FC6-E609-4D1A-B2FE-EF2015BFBFE7}.Release|Any CPU.Build.0 = Release|Any CPU
		{F6439FC6-E609-4D1A-B2FE-EF2015BFBFE7}.Release|ARM.ActiveCfg = Release|ARM
		{F6439FC6-E609-4D1A-B2FE-EF2015BFBFE7}.Release|ARM.Build.0 = Release|ARM
		{F6439FC6-E609-4D1A-B2FE-EF2015BFBFE7}.Release|x64.ActiveCfg = Release|x64
		{F6439FC6-E609-4D1A-B2FE-EF2015BFBFE7}.Release|x64.Build.0 = Release|x64
		{F6439FC6-E609-4D1A-B2FE-EF2015BFBFE7}.Release|x86.ActiveCfg = Release|x86
		{F6439FC6-E609-4D1A-B2FE-EF2015BFBFE7}.Release|x86.Build.0 = Release|x86
	EndGlobalSection
	GlobalSection(SolutionProperties) = preSolution
		HideSolutionNode = FALSE
	EndGlobalSection
EndGlobal
